
Microsoft Visual Studio Solution File, Format Version 12.00
# Visual Studio Version 17
VisualStudioVersion = 17.8.34525.116
MinimumVisualStudioVersion = 10.0.40219.1
Project("{9A19103F-16F7-4668-BE54-9A1E7A4F7556}") = "TokenSchedule", "src\TokenSchedule\TokenSchedule.csproj", "{68749023-CE2D-46AF-9427-4676BF5F9D49}"
EndProject
Project("{2150E333-8FDC-42A3-9474-1A3956D46DE8}") = "src", "src", "{E1976F27-81A3-4D53-ABAD-B59C5082E5E2}"
EndProject
Project("{2150E333-8FDC-42A3-9474-1A3956D46DE8}") = "tests", "tests", "{DDB5240C-78C9-406B-9B5E-5595577F2086}"
EndProject
Project("{9A19103F-16F7-4668-BE54-9A1E7A4F7556}") = "TokenSchedule.Tests", "tests\TokenSchedule.Tests\TokenSchedule.Tests.csproj", "{D1F8A56B-EAD1-4567-954E-D916DEAFA937}"
EndProject
Project("{9A19103F-16F7-4668-BE54-9A1E7A4F7556}") = "TokenSchedule.FluentValidation", "src\TokenSchedule.FluentValidation\TokenSchedule.FluentValidation.csproj", "{EE0274D2-00D1-4FD9-93D8-BE90BD5E6168}"
EndProject
Project("{9A19103F-16F7-4668-BE54-9A1E7A4F7556}") = "TokenSchedule.FluentValidation.Tests", "tests\TokenSchedule.FluentValidation.Tests\TokenSchedule.FluentValidation.Tests.csproj", "{C6E981C2-D6AF-4844-B054-AAC35FFC1427}"
EndProject
Global
	GlobalSection(SolutionConfigurationPlatforms) = preSolution
		Debug|Any CPU = Debug|Any CPU
		Release|Any CPU = Release|Any CPU
	EndGlobalSection
	GlobalSection(ProjectConfigurationPlatforms) = postSolution
		{68749023-CE2D-46AF-9427-4676BF5F9D49}.Debug|Any CPU.ActiveCfg = Debug|Any CPU
		{68749023-CE2D-46AF-9427-4676BF5F9D49}.Debug|Any CPU.Build.0 = Debug|Any CPU
		{68749023-CE2D-46AF-9427-4676BF5F9D49}.Release|Any CPU.ActiveCfg = Release|Any CPU
		{68749023-CE2D-46AF-9427-4676BF5F9D49}.Release|Any CPU.Build.0 = Release|Any CPU
		{D1F8A56B-EAD1-4567-954E-D916DEAFA937}.Debug|Any CPU.ActiveCfg = Debug|Any CPU
		{D1F8A56B-EAD1-4567-954E-D916DEAFA937}.Debug|Any CPU.Build.0 = Debug|Any CPU
		{D1F8A56B-EAD1-4567-954E-D916DEAFA937}.Release|Any CPU.ActiveCfg = Release|Any CPU
		{D1F8A56B-EAD1-4567-954E-D916DEAFA937}.Release|Any CPU.Build.0 = Release|Any CPU
		{EE0274D2-00D1-4FD9-93D8-BE90BD5E6168}.Debug|Any CPU.ActiveCfg = Debug|Any CPU
		{EE0274D2-00D1-4FD9-93D8-BE90BD5E6168}.Debug|Any CPU.Build.0 = Debug|Any CPU
		{EE0274D2-00D1-4FD9-93D8-BE90BD5E6168}.Release|Any CPU.ActiveCfg = Release|Any CPU
		{EE0274D2-00D1-4FD9-93D8-BE90BD5E6168}.Release|Any CPU.Build.0 = Release|Any CPU
		{C6E981C2-D6AF-4844-B054-AAC35FFC1427}.Debug|Any CPU.ActiveCfg = Debug|Any CPU
		{C6E981C2-D6AF-4844-B054-AAC35FFC1427}.Debug|Any CPU.Build.0 = Debug|Any CPU
		{C6E981C2-D6AF-4844-B054-AAC35FFC1427}.Release|Any CPU.ActiveCfg = Release|Any CPU
		{C6E981C2-D6AF-4844-B054-AAC35FFC1427}.Release|Any CPU.Build.0 = Release|Any CPU
	EndGlobalSection
	GlobalSection(SolutionProperties) = preSolution
		HideSolutionNode = FALSE
	EndGlobalSection
	GlobalSection(NestedProjects) = preSolution
		{68749023-CE2D-46AF-9427-4676BF5F9D49} = {E1976F27-81A3-4D53-ABAD-B59C5082E5E2}
		{D1F8A56B-EAD1-4567-954E-D916DEAFA937} = {DDB5240C-78C9-406B-9B5E-5595577F2086}
		{EE0274D2-00D1-4FD9-93D8-BE90BD5E6168} = {E1976F27-81A3-4D53-ABAD-B59C5082E5E2}
		{C6E981C2-D6AF-4844-B054-AAC35FFC1427} = {DDB5240C-78C9-406B-9B5E-5595577F2086}
	EndGlobalSection
	GlobalSection(ExtensibilityGlobals) = postSolution
		SolutionGuid = {6BC9FC1F-C841-4550-9C10-A193F14DE296}
	EndGlobalSection
EndGlobal
